// !$*UTF8*$!
{
	archiveVersion = 1;
	classes = {
	};
	objectVersion = 50;
	objects = {

/* Begin PBXBuildFile section */
		77334AAA217F2A5C00F8A859 /* AppDelegate.swift in Sources */ = {isa = PBXBuildFile; fileRef = 77334AA9217F2A5C00F8A859 /* AppDelegate.swift */; };
		77334AAC217F2A5C00F8A859 /* ViewController.swift in Sources */ = {isa = PBXBuildFile; fileRef = 77334AAB217F2A5C00F8A859 /* ViewController.swift */; };
		77334AAF217F2A5C00F8A859 /* Main.storyboard in Resources */ = {isa = PBXBuildFile; fileRef = 77334AAD217F2A5C00F8A859 /* Main.storyboard */; };
		77334AB1217F2A5F00F8A859 /* Assets.xcassets in Resources */ = {isa = PBXBuildFile; fileRef = 77334AB0217F2A5F00F8A859 /* Assets.xcassets */; };
		77334AB4217F2A5F00F8A859 /* LaunchScreen.storyboard in Resources */ = {isa = PBXBuildFile; fileRef = 77334AB2217F2A5F00F8A859 /* LaunchScreen.storyboard */; };
		77334ABF217F2A5F00F8A859 /* AlgorithmsTests.swift in Sources */ = {isa = PBXBuildFile; fileRef = 77334ABE217F2A5F00F8A859 /* AlgorithmsTests.swift */; };
		77334ACA217F2A5F00F8A859 /* AlgorithmsUITests.swift in Sources */ = {isa = PBXBuildFile; fileRef = 77334AC9217F2A5F00F8A859 /* AlgorithmsUITests.swift */; };
		77334AD8217F337600F8A859 /* Multiplication.swift in Sources */ = {isa = PBXBuildFile; fileRef = 77334AD7217F337500F8A859 /* Multiplication.swift */; };
/* End PBXBuildFile section */

/* Begin PBXContainerItemProxy section */
		77334ABB217F2A5F00F8A859 /* PBXContainerItemProxy */ = {
			isa = PBXContainerItemProxy;
			containerPortal = 77334A9E217F2A5C00F8A859 /* Project object */;
			proxyType = 1;
			remoteGlobalIDString = 77334AA5217F2A5C00F8A859;
			remoteInfo = Algorithms;
		};
		77334AC6217F2A5F00F8A859 /* PBXContainerItemProxy */ = {
			isa = PBXContainerItemProxy;
			containerPortal = 77334A9E217F2A5C00F8A859 /* Project object */;
			proxyType = 1;
			remoteGlobalIDString = 77334AA5217F2A5C00F8A859;
			remoteInfo = Algorithms;
		};
/* End PBXContainerItemProxy section */

/* Begin PBXFileReference section */
		77334AA6217F2A5C00F8A859 /* Algorithms.app */ = {isa = PBXFileReference; explicitFileType = wrapper.application; includeInIndex = 0; path = Algorithms.app; sourceTree = BUILT_PRODUCTS_DIR; };
		77334AA9217F2A5C00F8A859 /* AppDelegate.swift */ = {isa = PBXFileReference; lastKnownFileType = sourcecode.swift; path = AppDelegate.swift; sourceTree = "<group>"; };
		77334AAB217F2A5C00F8A859 /* ViewController.swift */ = {isa = PBXFileReference; lastKnownFileType = sourcecode.swift; path = ViewController.swift; sourceTree = "<group>"; };
		77334AAE217F2A5C00F8A859 /* Base */ = {isa = PBXFileReference; lastKnownFileType = file.storyboard; name = Base; path = Base.lproj/Main.storyboard; sourceTree = "<group>"; };
		77334AB0217F2A5F00F8A859 /* Assets.xcassets */ = {isa = PBXFileReference; lastKnownFileType = folder.assetcatalog; path = Assets.xcassets; sourceTree = "<group>"; };
		77334AB3217F2A5F00F8A859 /* Base */ = {isa = PBXFileReference; lastKnownFileType = file.storyboard; name = Base; path = Base.lproj/LaunchScreen.storyboard; sourceTree = "<group>"; };
		77334AB5217F2A5F00F8A859 /* Info.plist */ = {isa = PBXFileReference; lastKnownFileType = text.plist.xml; path = Info.plist; sourceTree = "<group>"; };
		77334ABA217F2A5F00F8A859 /* AlgorithmsTests.xctest */ = {isa = PBXFileReference; explicitFileType = wrapper.cfbundle; includeInIndex = 0; path = AlgorithmsTests.xctest; sourceTree = BUILT_PRODUCTS_DIR; };
		77334ABE217F2A5F00F8A859 /* AlgorithmsTests.swift */ = {isa = PBXFileReference; lastKnownFileType = sourcecode.swift; path = AlgorithmsTests.swift; sourceTree = "<group>"; };
		77334AC0217F2A5F00F8A859 /* Info.plist */ = {isa = PBXFileReference; lastKnownFileType = text.plist.xml; path = Info.plist; sourceTree = "<group>"; };
		77334AC5217F2A5F00F8A859 /* AlgorithmsUITests.xctest */ = {isa = PBXFileReference; explicitFileType = wrapper.cfbundle; includeInIndex = 0; path = AlgorithmsUITests.xctest; sourceTree = BUILT_PRODUCTS_DIR; };
		77334AC9217F2A5F00F8A859 /* AlgorithmsUITests.swift */ = {isa = PBXFileReference; lastKnownFileType = sourcecode.swift; path = AlgorithmsUITests.swift; sourceTree = "<group>"; };
		77334ACB217F2A5F00F8A859 /* Info.plist */ = {isa = PBXFileReference; lastKnownFileType = text.plist.xml; path = Info.plist; sourceTree = "<group>"; };
		77334AD7217F337500F8A859 /* Multiplication.swift */ = {isa = PBXFileReference; fileEncoding = 4; lastKnownFileType = sourcecode.swift; path = Multiplication.swift; sourceTree = "<group>"; };
/* End PBXFileReference section */

/* Begin PBXFrameworksBuildPhase section */
		77334AA3217F2A5C00F8A859 /* Frameworks */ = {
			isa = PBXFrameworksBuildPhase;
			buildActionMask = 2147483647;
			files = (
			);
			runOnlyForDeploymentPostprocessing = 0;
		};
		77334AB7217F2A5F00F8A859 /* Frameworks */ = {
			isa = PBXFrameworksBuildPhase;
			buildActionMask = 2147483647;
			files = (
			);
			runOnlyForDeploymentPostprocessing = 0;
		};
		77334AC2217F2A5F00F8A859 /* Frameworks */ = {
			isa = PBXFrameworksBuildPhase;
			buildActionMask = 2147483647;
			files = (
			);
			runOnlyForDeploymentPostprocessing = 0;
		};
/* End PBXFrameworksBuildPhase section */

/* Begin PBXGroup section */
		77334A9D217F2A5C00F8A859 = {
			isa = PBXGroup;
			children = (
				77334AA8217F2A5C00F8A859 /* Algorithms */,
				77334ABD217F2A5F00F8A859 /* AlgorithmsTests */,
				77334AC8217F2A5F00F8A859 /* AlgorithmsUITests */,
				77334AA7217F2A5C00F8A859 /* Products */,
			);
			sourceTree = "<group>";
		};
		77334AA7217F2A5C00F8A859 /* Products */ = {
			isa = PBXGroup;
			children = (
				77334AA6217F2A5C00F8A859 /* Algorithms.app */,
				77334ABA217F2A5F00F8A859 /* AlgorithmsTests.xctest */,
				77334AC5217F2A5F00F8A859 /* AlgorithmsUITests.xctest */,
			);
			name = Products;
			sourceTree = "<group>";
		};
		77334AA8217F2A5C00F8A859 /* Algorithms */ = {
			isa = PBXGroup;
			children = (
				77334AD7217F337500F8A859 /* Multiplication.swift */,
				77334AA9217F2A5C00F8A859 /* AppDelegate.swift */,
				77334AAB217F2A5C00F8A859 /* ViewController.swift */,
				77334AAD217F2A5C00F8A859 /* Main.storyboard */,
				77334AB0217F2A5F00F8A859 /* Assets.xcassets */,
				77334AB2217F2A5F00F8A859 /* LaunchScreen.storyboard */,
				77334AB5217F2A5F00F8A859 /* Info.plist */,
			);
			path = Algorithms;
			sourceTree = "<group>";
		};
		77334ABD217F2A5F00F8A859 /* AlgorithmsTests */ = {
			isa = PBXGroup;
			children = (
				77334ABE217F2A5F00F8A859 /* AlgorithmsTests.swift */,
				77334AC0217F2A5F00F8A859 /* Info.plist */,
			);
			path = AlgorithmsTests;
			sourceTree = "<group>";
		};
		77334AC8217F2A5F00F8A859 /* AlgorithmsUITests */ = {
			isa = PBXGroup;
			children = (
				77334AC9217F2A5F00F8A859 /* AlgorithmsUITests.swift */,
				77334ACB217F2A5F00F8A859 /* Info.plist */,
			);
			path = AlgorithmsUITests;
			sourceTree = "<group>";
		};
/* End PBXGroup section */

/* Begin PBXNativeTarget section */
		77334AA5217F2A5C00F8A859 /* Algorithms */ = {
			isa = PBXNativeTarget;
			buildConfigurationList = 77334ACE217F2A5F00F8A859 /* Build configuration list for PBXNativeTarget "Algorithms" */;
			buildPhases = (
				77334AA2217F2A5C00F8A859 /* Sources */,
				77334AA3217F2A5C00F8A859 /* Frameworks */,
				77334AA4217F2A5C00F8A859 /* Resources */,
			);
			buildRules = (
			);
			dependencies = (
			);
			name = Algorithms;
			productName = Algorithms;
			productReference = 77334AA6217F2A5C00F8A859 /* Algorithms.app */;
			productType = "com.apple.product-type.application";
		};
		77334AB9217F2A5F00F8A859 /* AlgorithmsTests */ = {
			isa = PBXNativeTarget;
			buildConfigurationList = 77334AD1217F2A5F00F8A859 /* Build configuration list for PBXNativeTarget "AlgorithmsTests" */;
			buildPhases = (
				77334AB6217F2A5F00F8A859 /* Sources */,
				77334AB7217F2A5F00F8A859 /* Frameworks */,
				77334AB8217F2A5F00F8A859 /* Resources */,
			);
			buildRules = (
			);
			dependencies = (
				77334ABC217F2A5F00F8A859 /* PBXTargetDependency */,
			);
			name = AlgorithmsTests;
			productName = AlgorithmsTests;
			productReference = 77334ABA217F2A5F00F8A859 /* AlgorithmsTests.xctest */;
			productType = "com.apple.product-type.bundle.unit-test";
		};
		77334AC4217F2A5F00F8A859 /* AlgorithmsUITests */ = {
			isa = PBXNativeTarget;
			buildConfigurationList = 77334AD4217F2A5F00F8A859 /* Build configuration list for PBXNativeTarget "AlgorithmsUITests" */;
			buildPhases = (
				77334AC1217F2A5F00F8A859 /* Sources */,
				77334AC2217F2A5F00F8A859 /* Frameworks */,
				77334AC3217F2A5F00F8A859 /* Resources */,
			);
			buildRules = (
			);
			dependencies = (
				77334AC7217F2A5F00F8A859 /* PBXTargetDependency */,
			);
			name = AlgorithmsUITests;
			productName = AlgorithmsUITests;
			productReference = 77334AC5217F2A5F00F8A859 /* AlgorithmsUITests.xctest */;
			productType = "com.apple.product-type.bundle.ui-testing";
		};
/* End PBXNativeTarget section */

/* Begin PBXProject section */
		77334A9E217F2A5C00F8A859 /* Project object */ = {
			isa = PBXProject;
			attributes = {
				LastSwiftUpdateCheck = 1000;
				LastUpgradeCheck = 1000;
				ORGANIZATIONNAME = "Abhishek Tripathi";
				TargetAttributes = {
					77334AA5217F2A5C00F8A859 = {
						CreatedOnToolsVersion = 10.0;
					};
					77334AB9217F2A5F00F8A859 = {
						CreatedOnToolsVersion = 10.0;
						TestTargetID = 77334AA5217F2A5C00F8A859;
					};
					77334AC4217F2A5F00F8A859 = {
						CreatedOnToolsVersion = 10.0;
						TestTargetID = 77334AA5217F2A5C00F8A859;
					};
				};
			};
			buildConfigurationList = 77334AA1217F2A5C00F8A859 /* Build configuration list for PBXProject "Algorithms" */;
			compatibilityVersion = "Xcode 9.3";
			developmentRegion = en;
			hasScannedForEncodings = 0;
			knownRegions = (
				en,
				Base,
			);
			mainGroup = 77334A9D217F2A5C00F8A859;
			productRefGroup = 77334AA7217F2A5C00F8A859 /* Products */;
			projectDirPath = "";
			projectRoot = "";
			targets = (
				77334AA5217F2A5C00F8A859 /* Algorithms */,
				77334AB9217F2A5F00F8A859 /* AlgorithmsTests */,
				77334AC4217F2A5F00F8A859 /* AlgorithmsUITests */,
			);
		};
/* End PBXProject section */

/* Begin PBXResourcesBuildPhase section */
		77334AA4217F2A5C00F8A859 /* Resources */ = {
			isa = PBXResourcesBuildPhase;
			buildActionMask = 2147483647;
			files = (
				77334AB4217F2A5F00F8A859 /* LaunchScreen.storyboard in Resources */,
				77334AB1217F2A5F00F8A859 /* Assets.xcassets in Resources */,
				77334AAF217F2A5C00F8A859 /* Main.storyboard in Resources */,
			);
			runOnlyForDeploymentPostprocessing = 0;
		};
		77334AB8217F2A5F00F8A859 /* Resources */ = {
			isa = PBXResourcesBuildPhase;
			buildActionMask = 2147483647;
			files = (
			);
			runOnlyForDeploymentPostprocessing = 0;
		};
		77334AC3217F2A5F00F8A859 /* Resources */ = {
			isa = PBXResourcesBuildPhase;
			buildActionMask = 2147483647;
			files = (
			);
			runOnlyForDeploymentPostprocessing = 0;
		};
/* End PBXResourcesBuildPhase section */

/* Begin PBXSourcesBuildPhase section */
		77334AA2217F2A5C00F8A859 /* Sources */ = {
			isa = PBXSourcesBuildPhase;
			buildActionMask = 2147483647;
			files = (
				77334AD8217F337600F8A859 /* Multiplication.swift in Sources */,
				77334AAC217F2A5C00F8A859 /* ViewController.swift in Sources */,
				77334AAA217F2A5C00F8A859 /* AppDelegate.swift in Sources */,
			);
			runOnlyForDeploymentPostprocessing = 0;
		};
		77334AB6217F2A5F00F8A859 /* Sources */ = {
			isa = PBXSourcesBuildPhase;
			buildActionMask = 2147483647;
			files = (
				77334ABF217F2A5F00F8A859 /* AlgorithmsTests.swift in Sources */,
			);
			runOnlyForDeploymentPostprocessing = 0;
		};
		77334AC1217F2A5F00F8A859 /* Sources */ = {
			isa = PBXSourcesBuildPhase;
			buildActionMask = 2147483647;
			files = (
				77334ACA217F2A5F00F8A859 /* AlgorithmsUITests.swift in Sources */,
			);
			runOnlyForDeploymentPostprocessing = 0;
		};
/* End PBXSourcesBuildPhase section */

/* Begin PBXTargetDependency section */
		77334ABC217F2A5F00F8A859 /* PBXTargetDependency */ = {
			isa = PBXTargetDependency;
			target = 77334AA5217F2A5C00F8A859 /* Algorithms */;
			targetProxy = 77334ABB217F2A5F00F8A859 /* PBXContainerItemProxy */;
		};
		77334AC7217F2A5F00F8A859 /* PBXTargetDependency */ = {
			isa = PBXTargetDependency;
			target = 77334AA5217F2A5C00F8A859 /* Algorithms */;
			targetProxy = 77334AC6217F2A5F00F8A859 /* PBXContainerItemProxy */;
		};
/* End PBXTargetDependency section */

/* Begin PBXVariantGroup section */
		77334AAD217F2A5C00F8A859 /* Main.storyboard */ = {
			isa = PBXVariantGroup;
			children = (
				77334AAE217F2A5C00F8A859 /* Base */,
			);
			name = Main.storyboard;
			sourceTree = "<group>";
		};
		77334AB2217F2A5F00F8A859 /* LaunchScreen.storyboard */ = {
			isa = PBXVariantGroup;
			children = (
				77334AB3217F2A5F00F8A859 /* Base */,
			);
			name = LaunchScreen.storyboard;
			sourceTree = "<group>";
		};
/* End PBXVariantGroup section */

/* Begin XCBuildConfiguration section */
		77334ACC217F2A5F00F8A859 /* Debug */ = {
			isa = XCBuildConfiguration;
			buildSettings = {
				ALWAYS_SEARCH_USER_PATHS = NO;
				CLANG_ANALYZER_NONNULL = YES;
				CLANG_ANALYZER_NUMBER_OBJECT_CONVERSION = YES_AGGRESSIVE;
				CLANG_CXX_LANGUAGE_STANDARD = "gnu++14";
				CLANG_CXX_LIBRARY = "libc++";
				CLANG_ENABLE_MODULES = YES;
				CLANG_ENABLE_OBJC_ARC = YES;
				CLANG_ENABLE_OBJC_WEAK = YES;
				CLANG_WARN_BLOCK_CAPTURE_AUTORELEASING = YES;
				CLANG_WARN_BOOL_CONVERSION = YES;
				CLANG_WARN_COMMA = YES;
				CLANG_WARN_CONSTANT_CONVERSION = YES;
				CLANG_WARN_DEPRECATED_OBJC_IMPLEMENTATIONS = YES;
				CLANG_WARN_DIRECT_OBJC_ISA_USAGE = YES_ERROR;
				CLANG_WARN_DOCUMENTATION_COMMENTS = YES;
				CLANG_WARN_EMPTY_BODY = YES;
				CLANG_WARN_ENUM_CONVERSION = YES;
				CLANG_WARN_INFINITE_RECURSION = YES;
				CLANG_WARN_INT_CONVERSION = YES;
				CLANG_WARN_NON_LITERAL_NULL_CONVERSION = YES;
				CLANG_WARN_OBJC_IMPLICIT_RETAIN_SELF = YES;
				CLANG_WARN_OBJC_LITERAL_CONVERSION = YES;
				CLANG_WARN_OBJC_ROOT_CLASS = YES_ERROR;
				CLANG_WARN_RANGE_LOOP_ANALYSIS = YES;
				CLANG_WARN_STRICT_PROTOTYPES = YES;
				CLANG_WARN_SUSPICIOUS_MOVE = YES;
				CLANG_WARN_UNGUARDED_AVAILABILITY = YES_AGGRESSIVE;
				CLANG_WARN_UNREACHABLE_CODE = YES;
				CLANG_WARN__DUPLICATE_METHOD_MATCH = YES;
				CODE_SIGN_IDENTITY = "iPhone Developer";
				COPY_PHASE_STRIP = NO;
				DEBUG_INFORMATION_FORMAT = dwarf;
				ENABLE_STRICT_OBJC_MSGSEND = YES;
				ENABLE_TESTABILITY = YES;
				GCC_C_LANGUAGE_STANDARD = gnu11;
				GCC_DYNAMIC_NO_PIC = NO;
				GCC_NO_COMMON_BLOCKS = YES;
				GCC_OPTIMIZATION_LEVEL = 0;
				GCC_PREPROCESSOR_DEFINITIONS = (
					"DEBUG=1",
					"$(inherited)",
				);
				GCC_WARN_64_TO_32_BIT_CONVERSION = YES;
				GCC_WARN_ABOUT_RETURN_TYPE = YES_ERROR;
				GCC_WARN_UNDECLARED_SELECTOR = YES;
				GCC_WARN_UNINITIALIZED_AUTOS = YES_AGGRESSIVE;
				GCC_WARN_UNUSED_FUNCTION = YES;
				GCC_WARN_UNUSED_VARIABLE = YES;
				IPHONEOS_DEPLOYMENT_TARGET = 12.0;
				MTL_ENABLE_DEBUG_INFO = INCLUDE_SOURCE;
				MTL_FAST_MATH = YES;
				ONLY_ACTIVE_ARCH = YES;
				SDKROOT = iphoneos;
				SWIFT_ACTIVE_COMPILATION_CONDITIONS = DEBUG;
				SWIFT_OPTIMIZATION_LEVEL = "-Onone";
			};
			name = Debug;
		};
		77334ACD217F2A5F00F8A859 /* Release */ = {
			isa = XCBuildConfiguration;
			buildSettings = {
				ALWAYS_SEARCH_USER_PATHS = NO;
				CLANG_ANALYZER_NONNULL = YES;
				CLANG_ANALYZER_NUMBER_OBJECT_CONVERSION = YES_AGGRESSIVE;
				CLANG_CXX_LANGUAGE_STANDARD = "gnu++14";
				CLANG_CXX_LIBRARY = "libc++";
				CLANG_ENABLE_MODULES = YES;
				CLANG_ENABLE_OBJC_ARC = YES;
				CLANG_ENABLE_OBJC_WEAK = YES;
				CLANG_WARN_BLOCK_CAPTURE_AUTORELEASING = YES;
				CLANG_WARN_BOOL_CONVERSION = YES;
				CLANG_WARN_COMMA = YES;
				CLANG_WARN_CONSTANT_CONVERSION = YES;
				CLANG_WARN_DEPRECATED_OBJC_IMPLEMENTATIONS = YES;
				CLANG_WARN_DIRECT_OBJC_ISA_USAGE = YES_ERROR;
				CLANG_WARN_DOCUMENTATION_COMMENTS = YES;
				CLANG_WARN_EMPTY_BODY = YES;
				CLANG_WARN_ENUM_CONVERSION = YES;
				CLANG_WARN_INFINITE_RECURSION = YES;
				CLANG_WARN_INT_CONVERSION = YES;
				CLANG_WARN_NON_LITERAL_NULL_CONVERSION = YES;
				CLANG_WARN_OBJC_IMPLICIT_RETAIN_SELF = YES;
				CLANG_WARN_OBJC_LITERAL_CONVERSION = YES;
				CLANG_WARN_OBJC_ROOT_CLASS = YES_ERROR;
				CLANG_WARN_RANGE_LOOP_ANALYSIS = YES;
				CLANG_WARN_STRICT_PROTOTYPES = YES;
				CLANG_WARN_SUSPICIOUS_MOVE = YES;
				CLANG_WARN_UNGUARDED_AVAILABILITY = YES_AGGRESSIVE;
				CLANG_WARN_UNREACHABLE_CODE = YES;
				CLANG_WARN__DUPLICATE_METHOD_MATCH = YES;
				CODE_SIGN_IDENTITY = "iPhone Developer";
				COPY_PHASE_STRIP = NO;
				DEBUG_INFORMATION_FORMAT = "dwarf-with-dsym";
				ENABLE_NS_ASSERTIONS = NO;
				ENABLE_STRICT_OBJC_MSGSEND = YES;
				GCC_C_LANGUAGE_STANDARD = gnu11;
				GCC_NO_COMMON_BLOCKS = YES;
				GCC_WARN_64_TO_32_BIT_CONVERSION = YES;
				GCC_WARN_ABOUT_RETURN_TYPE = YES_ERROR;
				GCC_WARN_UNDECLARED_SELECTOR = YES;
				GCC_WARN_UNINITIALIZED_AUTOS = YES_AGGRESSIVE;
				GCC_WARN_UNUSED_FUNCTION = YES;
				GCC_WARN_UNUSED_VARIABLE = YES;
				IPHONEOS_DEPLOYMENT_TARGET = 12.0;
				MTL_ENABLE_DEBUG_INFO = NO;
				MTL_FAST_MATH = YES;
				SDKROOT = iphoneos;
				SWIFT_COMPILATION_MODE = wholemodule;
				SWIFT_OPTIMIZATION_LEVEL = "-O";
				VALIDATE_PRODUCT = YES;
			};
			name = Release;
		};
		77334ACF217F2A5F00F8A859 /* Debug */ = {
			isa = XCBuildConfiguration;
			buildSettings = {
				ASSETCATALOG_COMPILER_APPICON_NAME = AppIcon;
				CODE_SIGN_STYLE = Automatic;
				INFOPLIST_FILE = Algorithms/Info.plist;
				LD_RUNPATH_SEARCH_PATHS = (
					"$(inherited)",
					"@executable_path/Frameworks",
				);
				PRODUCT_BUNDLE_IDENTIFIER = com.swift.Algorithms.Algorithms;
				PRODUCT_NAME = "$(TARGET_NAME)";
				SWIFT_VERSION = 4.2;
				TARGETED_DEVICE_FAMILY = "1,2";
			};
			name = Debug;
		};
		77334AD0217F2A5F00F8A859 /* Release */ = {
			isa = XCBuildConfiguration;
			buildSettings = {
				ASSETCATALOG_COMPILER_APPICON_NAME = AppIcon;
				CODE_SIGN_STYLE = Automatic;
				INFOPLIST_FILE = Algorithms/Info.plist;
				LD_RUNPATH_SEARCH_PATHS = (
					"$(inherited)",
					"@executable_path/Frameworks",
				);
				PRODUCT_BUNDLE_IDENTIFIER = com.swift.Algorithms.Algorithms;
				PRODUCT_NAME = "$(TARGET_NAME)";
				SWIFT_VERSION = 4.2;
				TARGETED_DEVICE_FAMILY = "1,2";
			};
			name = Release;
		};
		77334AD2217F2A5F00F8A859 /* Debug */ = {
			isa = XCBuildConfiguration;
			buildSettings = {
				ALWAYS_EMBED_SWIFT_STANDARD_LIBRARIES = YES;
				BUNDLE_LOADER = "$(TEST_HOST)";
				CODE_SIGN_STYLE = Automatic;
				INFOPLIST_FILE = AlgorithmsTests/Info.plist;
				LD_RUNPATH_SEARCH_PATHS = (
					"$(inherited)",
					"@executable_path/Frameworks",
					"@loader_path/Frameworks",
				);
				PRODUCT_BUNDLE_IDENTIFIER = com.swift.Algorithms.AlgorithmsTests;
				PRODUCT_NAME = "$(TARGET_NAME)";
				SWIFT_VERSION = 4.2;
				TARGETED_DEVICE_FAMILY = "1,2";
				TEST_HOST = "$(BUILT_PRODUCTS_DIR)/Algorithms.app/Algorithms";
			};
			name = Debug;
		};
		77334AD3217F2A5F00F8A859 /* Release */ = {
			isa = XCBuildConfiguration;
			buildSettings = {
				ALWAYS_EMBED_SWIFT_STANDARD_LIBRARIES = YES;
				BUNDLE_LOADER = "$(TEST_HOST)";
				CODE_SIGN_STYLE = Automatic;
				INFOPLIST_FILE = AlgorithmsTests/Info.plist;
				LD_RUNPATH_SEARCH_PATHS = (
					"$(inherited)",
					"@executable_path/Frameworks",
					"@loader_path/Frameworks",
				);
				PRODUCT_BUNDLE_IDENTIFIER = com.swift.Algorithms.AlgorithmsTests;
				PRODUCT_NAME = "$(TARGET_NAME)";
				SWIFT_VERSION = 4.2;
				TARGETED_DEVICE_FAMILY = "1,2";
				TEST_HOST = "$(BUILT_PRODUCTS_DIR)/Algorithms.app/Algorithms";
			};
			name = Release;
		};
		77334AD5217F2A5F00F8A859 /* Debug */ = {
			isa = XCBuildConfiguration;
			buildSettings = {
				ALWAYS_EMBED_SWIFT_STANDARD_LIBRARIES = YES;
				CODE_SIGN_STYLE = Automatic;
				INFOPLIST_FILE = AlgorithmsUITests/Info.plist;
				LD_RUNPATH_SEARCH_PATHS = (
					"$(inherited)",
					"@executable_path/Frameworks",
					"@loader_path/Frameworks",
				);
				PRODUCT_BUNDLE_IDENTIFIER = com.swift.Algorithms.AlgorithmsUITests;
				PRODUCT_NAME = "$(TARGET_NAME)";
				SWIFT_VERSION = 4.2;
				TARGETED_DEVICE_FAMILY = "1,2";
				TEST_TARGET_NAME = Algorithms;
			};
			name = Debug;
		};
		77334AD6217F2A5F00F8A859 /* Release */ = {
			isa = XCBuildConfiguration;
			buildSettings = {
				ALWAYS_EMBED_SWIFT_STANDARD_LIBRARIES = YES;
				CODE_SIGN_STYLE = Automatic;
				INFOPLIST_FILE = AlgorithmsUITests/Info.plist;
				LD_RUNPATH_SEARCH_PATHS = (
					"$(inherited)",
					"@executable_path/Frameworks",
					"@loader_path/Frameworks",
				);
				PRODUCT_BUNDLE_IDENTIFIER = com.swift.Algorithms.AlgorithmsUITests;
				PRODUCT_NAME = "$(TARGET_NAME)";
				SWIFT_VERSION = 4.2;
				TARGETED_DEVICE_FAMILY = "1,2";
				TEST_TARGET_NAME = Algorithms;
			};
			name = Release;
		};
/* End XCBuildConfiguration section */

/* Begin XCConfigurationList section */
		77334AA1217F2A5C00F8A859 /* Build configuration list for PBXProject "Algorithms" */ = {
			isa = XCConfigurationList;
			buildConfigurations = (
				77334ACC217F2A5F00F8A859 /* Debug */,
				77334ACD217F2A5F00F8A859 /* Release */,
			);
			defaultConfigurationIsVisible = 0;
			defaultConfigurationName = Release;
		};
		77334ACE217F2A5F00F8A859 /* Build configuration list for PBXNativeTarget "Algorithms" */ = {
			isa = XCConfigurationList;
			buildConfigurations = (
				77334ACF217F2A5F00F8A859 /* Debug */,
				77334AD0217F2A5F00F8A859 /* Release */,
			);
			defaultConfigurationIsVisible = 0;
			defaultConfigurationName = Release;
		};
		77334AD1217F2A5F00F8A859 /* Build configuration list for PBXNativeTarget "AlgorithmsTests" */ = {
			isa = XCConfigurationList;
			buildConfigurations = (
				77334AD2217F2A5F00F8A859 /* Debug */,
				77334AD3217F2A5F00F8A859 /* Release */,
			);
			defaultConfigurationIsVisible = 0;
			defaultConfigurationName = Release;
		};
		77334AD4217F2A5F00F8A859 /* Build configuration list for PBXNativeTarget "AlgorithmsUITests" */ = {
			isa = XCConfigurationList;
			buildConfigurations = (
				77334AD5217F2A5F00F8A859 /* Debug */,
				77334AD6217F2A5F00F8A859 /* Release */,
			);
			defaultConfigurationIsVisible = 0;
			defaultConfigurationName = Release;
		};
/* End XCConfigurationList section */
	};
	rootObject = 77334A9E217F2A5C00F8A859 /* Project object */;
}
